
Microsoft Visual Studio Solution File, Format Version 11.00
# Visual Studio 2010
Project("{FAE04EC0-301F-11D3-BF4B-00C04F79EFBC}") = "Assembly-CSharp", "Assembly-CSharp.csproj", "{c9b706b9-ff69-fded-76fb-7a0e30d45a28}"
EndProject
Project("{FAE04EC0-301F-11D3-BF4B-00C04F79EFBC}") = "Assembly-CSharp-Editor", "Assembly-CSharp-Editor.csproj", "{791f2ba1-739f-5df0-596a-81f18a8fc1c3}"
EndProject
Global
	GlobalSection(SolutionConfigurationPlatforms) = preSolution
		Debug|Any CPU = Debug|Any CPU
	EndGlobalSection
	GlobalSection(ProjectConfigurationPlatforms) = postSolution
		{c9b706b9-ff69-fded-76fb-7a0e30d45a28}.Debug|Any CPU.ActiveCfg = Debug|Any CPU
		{c9b706b9-ff69-fded-76fb-7a0e30d45a28}.Debug|Any CPU.Build.0 = Debug|Any CPU
		{791f2ba1-739f-5df0-596a-81f18a8fc1c3}.Debug|Any CPU.ActiveCfg = Debug|Any CPU
		{791f2ba1-739f-5df0-596a-81f18a8fc1c3}.Debug|Any CPU.Build.0 = Debug|Any CPU
	EndGlobalSection
	GlobalSection(SolutionProperties) = preSolution
		HideSolutionNode = FALSE
	EndGlobalSection
EndGlobal
